[renv]
Version=0.4.0-20

[R]
Version=3.6.0
Repositories=
	CRAN=https://mirrors.nics.utk.edu/cran/

[R/Package/R6]
Package=R6
Version=2.4.0
Source=CRAN
Hash=4f39f15779e55cb06d47e0904b14522c

[R/Package/assertthat]
Package=assertthat
Version=0.2.1
Source=CRAN
Hash=47c5d99ca6da06d75f480d96b9f96422

[R/Package/cli]
Package=cli
Version=1.1.0
Source=CRAN
Hash=82644afba0ff56a08730bc4fc1e6448f

[R/Package/crayon]
Package=crayon
Version=1.3.4
Source=CRAN
Hash=900c1d2c8e4c61b6a1814331ec34e19a

[R/Package/digest]
Package=digest
Version=0.6.18
Source=CRAN
Hash=c53b5dd4fbd6054e2ef6b8e93f34192f

[R/Package/magrittr]
Package=magrittr
Version=1.5
Source=CRAN
Hash=c079d05aaae9556f4dbeea615a764871

[R/Package/praise]
Package=praise
Version=1.0.0
Source=CRAN
Hash=ae951d265e39edae12a065f1df18de91

[R/Package/rlang]
Package=rlang
Version=0.3.4
Source=CRAN
Hash=cbb4e132f8198b1f9b20a0bfc5fa07ab

[R/Package/testthat]
Package=testthat
Version=2.1.1
Source=CRAN
Hash=c68e09c9e585afef9a223710a2b08840

[R/Package/withr]
Package=withr
Version=2.1.2
Source=CRAN
Hash=95b4999c4a7610bbccfd3b5d37fbaf6b

