[renv]
Version=0.4.0-20

[R]
Version=3.6.1
Repositories=
	CRAN=https://cran.rstudio.com/

[R/Package/BH]
Package=BH
Version=1.69.0-1
Source=CRAN
Hash=cfad72c4156ccde689e24ed26010a931

[R/Package/R6]
Package=R6
Version=2.4.0
Source=CRAN
Hash=4f39f15779e55cb06d47e0904b14522c

[R/Package/Rcpp]
Package=Rcpp
Version=1.0.2
Source=CRAN
Hash=e9c01eba8e803454af999b9a0948ad48

[R/Package/assertthat]
Package=assertthat
Version=0.2.1
Source=CRAN
Hash=47c5d99ca6da06d75f480d96b9f96422

[R/Package/backports]
Package=backports
Version=1.1.5
Source=CRAN
Hash=ee7b305d6a5d38a923c0a8c5a5b51fb6

[R/Package/checkmate]
Package=checkmate
Version=1.9.4
Source=CRAN
Hash=c4cf2b51b5b4d40ff3b4c4a9ea58cd50

[R/Package/cli]
Package=cli
Version=1.1.0
Source=CRAN
Hash=82644afba0ff56a08730bc4fc1e6448f

[R/Package/compareDF]
Package=compareDF
Version=1.8.0
Source=CRAN
Hash=b5dc2a583684e8acd96dcd75bd1d56d6

[R/Package/crayon]
Package=crayon
Version=1.3.4
Source=CRAN
Hash=900c1d2c8e4c61b6a1814331ec34e19a

[R/Package/digest]
Package=digest
Version=0.6.20
Source=CRAN
Hash=8d00fdf173206e06a117174a11bba074

[R/Package/dplyr]
Package=dplyr
Version=0.8.3
Source=CRAN
Hash=55724dcfa412564a0feb53075cc62324

[R/Package/ellipsis]
Package=ellipsis
Version=0.3.0
Source=CRAN
Hash=aa87569ce42b3888860df8d9230c264e

[R/Package/evaluate]
Package=evaluate
Version=0.14
Source=CRAN
Hash=334a5c1c76a6dd07e7f14c521bedbf94

[R/Package/fansi]
Package=fansi
Version=0.4.0
Source=CRAN
Hash=a7730510208607abde04cfe3808e78e0

[R/Package/glue]
Package=glue
Version=1.3.1
Source=CRAN
Hash=50f8d48c8ebbfc4b68e55bd8bb5516ca

[R/Package/highr]
Package=highr
Version=0.8
Source=CRAN
Hash=e55de296dfdda8215e0c3fa0f4c6b84f

[R/Package/htmlTable]
Package=htmlTable
Version=1.13.2
Source=CRAN
Hash=d3cc62d48bdacabc1053e15b5240ff3c

[R/Package/htmltools]
Package=htmltools
Version=0.4.0
Source=CRAN
Hash=5b656ec6ad3ddeafc9bbdeaabdd35232

[R/Package/htmlwidgets]
Package=htmlwidgets
Version=1.5.1
Source=CRAN
Hash=e4f493ce591973141c6a111feca42ca6

[R/Package/jsonlite]
Package=jsonlite
Version=1.6
Source=CRAN
Hash=1527c6ad6c00ff3f0d0a02b01650fd87

[R/Package/knitr]
Package=knitr
Version=1.25
Source=CRAN
Hash=1cc809568e1232b6621baccbb4b939af

[R/Package/lifecycle]
Package=lifecycle
Version=0.1.0
Source=CRAN
Hash=29be749d41285cd04833fd03fc138038

[R/Package/magrittr]
Package=magrittr
Version=1.5
Source=CRAN
Hash=c079d05aaae9556f4dbeea615a764871

[R/Package/markdown]
Package=markdown
Version=1.1
Source=CRAN
Hash=7bab0d4877c7d644daf795abea13a260

[R/Package/mime]
Package=mime
Version=0.7
Source=CRAN
Hash=e1d17e6e0d960a206a93670a75d1ef4d

[R/Package/pillar]
Package=pillar
Version=1.4.2
Source=CRAN
Hash=80d354371127949c1b34cc8ec998ed06

[R/Package/pkgconfig]
Package=pkgconfig
Version=2.0.3
Source=CRAN
Hash=92eddb14d6be4b1a1eedf42a4996e3d7

[R/Package/plogr]
Package=plogr
Version=0.2.0
Source=CRAN
Hash=c61d37182e7f06c0d587aa203487b400

[R/Package/purrr]
Package=purrr
Version=0.3.2
Source=CRAN
Hash=ac87472161cfd12559f2c9fcd66813d0

[R/Package/rlang]
Package=rlang
Version=0.4.0
Source=CRAN
Hash=5ca99878f8172dc93d591c3fd56d1aee

[R/Package/rstudioapi]
Package=rstudioapi
Version=0.10
Source=CRAN
Hash=0a9a57ac8bc27cafe9a3904deb2e267b

[R/Package/stringi]
Package=stringi
Version=1.4.3
Source=CRAN
Hash=196830ccb8e4ff492b37062d19c3c9b1

[R/Package/stringr]
Package=stringr
Version=1.4.0
Source=CRAN
Hash=568b942ad8065463d9beb45c212e4089

[R/Package/tibble]
Package=tibble
Version=2.1.3
Source=CRAN
Hash=503e7aee98597f5503a772673286a95f

[R/Package/tidyr]
Package=tidyr
Version=1.0.0
Source=CRAN
Hash=fa9021bdbce7ceffe27134d022d12b6d

[R/Package/tidyselect]
Package=tidyselect
Version=0.2.5
Source=CRAN
Hash=cb4e7e81a360b877572804e9a6311375

[R/Package/utf8]
Package=utf8
Version=1.1.4
Source=CRAN
Hash=dbacd54ef408a11a83b9c0558d897970

[R/Package/vctrs]
Package=vctrs
Version=0.2.0
Source=CRAN
Hash=7580bbbfbc822a6ae37db45c91aeaaa5

[R/Package/xfun]
Package=xfun
Version=0.10
Source=CRAN
Hash=4d6d3672a97890ea0571940e4b137e5a

[R/Package/yaml]
Package=yaml
Version=2.2.0
Source=CRAN
Hash=1cf8dfe48ca1f014d5bdad603950c414

[R/Package/zeallot]
Package=zeallot
Version=0.1.0
Source=CRAN
Hash=c73fb5ce649cdea435146265a0886df8

