[renv]
Version=0.4.0-20

[R]
Version=3.6.0
Repositories=
	CRAN=https://cran.rstudio.com/

[R/Package/BH]
Package=BH
Version=1.69.0-1
Source=CRAN
Hash=cfad72c4156ccde689e24ed26010a931

[R/Package/DBI]
Package=DBI
Version=1.0.0
Source=CRAN
Hash=47c6631d0f98c2582ad761e4993ba9b5

[R/Package/DT]
Package=DT
Version=0.5
Source=CRAN
Hash=f5f3e8b70fbca3a6573015cb6dc1bd20

[R/Package/FSA]
Package=FSA
Version=0.8.23
Source=CRAN
Hash=902acbaf40427c04bea04f26c2cca083

[R/Package/KernSmooth]
Package=KernSmooth
Version=2.23-15
Source=CRAN
Hash=cbd323c8c5b089cea79861f5dd79ea35

[R/Package/MASS]
Package=MASS
Version=7.3-51.4
Source=CRAN
Hash=3f74d247b4ab8e3f0fd6c8655ba4ee09

[R/Package/Matrix]
Package=Matrix
Version=1.2-17
Source=CRAN
Hash=5fcbf894490760a99057e72a0df0fe8d

[R/Package/MatrixModels]
Package=MatrixModels
Version=0.4-1
Source=CRAN
Hash=53ee861dcc9cda6fdaa8c51a4bfd88fd

[R/Package/R6]
Package=R6
Version=2.4.0
Source=CRAN
Hash=4f39f15779e55cb06d47e0904b14522c

[R/Package/RColorBrewer]
Package=RColorBrewer
Version=1.1-2
Source=CRAN
Hash=c415f5010b2a1775dc6e3bd27f609666

[R/Package/Rcpp]
Package=Rcpp
Version=1.0.1
Source=CRAN
Hash=9c7023d9c0a2fb1fad5fc2e16283925e

[R/Package/RcppEigen]
Package=RcppEigen
Version=0.3.3.5.0
Source=CRAN
Hash=146537f94080d32802917506b40a7862

[R/Package/SparseM]
Package=SparseM
Version=1.77
Source=CRAN
Hash=b5ef191e5f72d525b7e3107da17f519b

[R/Package/abind]
Package=abind
Version=1.4-5
Source=CRAN
Hash=cb57d5d998d7d6d8dcd3f6a11af95fc2

[R/Package/askpass]
Package=askpass
Version=1.1
Source=CRAN
Hash=22d589bdbeb821c20dcff25ff641f6fb

[R/Package/assertthat]
Package=assertthat
Version=0.2.1
Source=CRAN
Hash=47c5d99ca6da06d75f480d96b9f96422

[R/Package/backports]
Package=backports
Version=1.1.4
Source=CRAN
Hash=f8cd17cda96337d3ca8d876d78df1db4

[R/Package/base64enc]
Package=base64enc
Version=0.1-3
Source=CRAN
Hash=98474bb1d2468b052cdf9c94abebc97f

[R/Package/bitops]
Package=bitops
Version=1.0-6
Source=CRAN
Hash=6de632bfd4d47e0f1e7969e2a0f6a914

[R/Package/boot]
Package=boot
Version=1.3-22
Source=CRAN
Hash=e38f2b92a6e622aa599f1351b8767b34

[R/Package/brew]
Package=brew
Version=1.0-6
Source=CRAN
Hash=ca6dd872a81a7063dd6a77acf7a12d9b

[R/Package/broom]
Package=broom
Version=0.5.2
Source=CRAN
Hash=4d3320654f6e0fe0b4b1c339c507f5ae

[R/Package/caTools]
Package=caTools
Version=1.17.1.2
Source=CRAN
Hash=7934aafb5824a02cf9f2750fd1923627

[R/Package/callr]
Package=callr
Version=3.2.0
Source=CRAN
Hash=3d4dd4644fa525c6edad2942baaa779b

[R/Package/car]
Package=car
Version=3.0-2
Source=CRAN
Hash=bb452ecdd03f2ce71636c11550244c07

[R/Package/carData]
Package=carData
Version=3.0-2
Source=CRAN
Hash=3d966484e78458c17e66e4d4439008f0

[R/Package/cellranger]
Package=cellranger
Version=1.1.0
Source=CRAN
Hash=2dca890fda2e0910eeacb38a2c27af72

[R/Package/class]
Package=class
Version=7.3-15
Source=CRAN
Hash=0a15f04d424e4c25bc348f22c57657bb

[R/Package/classInt]
Package=classInt
Version=0.3-3
Source=CRAN
Hash=414fc3e714aa853949bf1cd15f7432ee

[R/Package/cli]
Package=cli
Version=1.1.0
Source=CRAN
Hash=82644afba0ff56a08730bc4fc1e6448f

[R/Package/clipr]
Package=clipr
Version=0.6.0
Source=CRAN
Hash=2d0cd4cc3da87e62fa17163096a19b4f

[R/Package/clisymbols]
Package=clisymbols
Version=1.2.0
Source=CRAN
Hash=cac06d1dbd7d362670fbc95c1cbe5afe

[R/Package/cluster]
Package=cluster
Version=2.0.9
Source=CRAN
Hash=ed379a37038efec9863111b2988e724e

[R/Package/colorspace]
Package=colorspace
Version=1.4-1
Source=CRAN
Hash=b0f7b0980ad3d9d240be0fffea1d238b

[R/Package/crayon]
Package=crayon
Version=1.3.4
Source=CRAN
Hash=900c1d2c8e4c61b6a1814331ec34e19a

[R/Package/crosstalk]
Package=crosstalk
Version=1.0.0
Source=CRAN
Hash=b3cd6106dd84e002933f471850fdb107

[R/Package/curl]
Package=curl
Version=3.3
Source=CRAN
Hash=7adc74912a44c348c6a1eda716a5d02d

[R/Package/data.table]
Package=data.table
Version=1.12.2
Source=CRAN
Hash=9877f56dda88827d0c0e24de3bee3d73

[R/Package/dbplyr]
Package=dbplyr
Version=1.4.0
Source=CRAN
Hash=cf08630223ff014f5fe1b32ed377cc63

[R/Package/desc]
Package=desc
Version=1.2.0
Source=CRAN
Hash=6a3b8ecf683b3ba841991635c7dc39cb

[R/Package/devtools]
Package=devtools
Version=2.0.2
Source=CRAN
Hash=d2f775f37bfcdf0f7b1f29ce4518671f

[R/Package/digest]
Package=digest
Version=0.6.18
Source=CRAN
Hash=c53b5dd4fbd6054e2ef6b8e93f34192f

[R/Package/dplyr]
Package=dplyr
Version=0.8.0.1
Source=CRAN
Hash=9b0b7d4f707c56e6a363f3fa332f7d68

[R/Package/dunn.test]
Package=dunn.test
Version=1.3.5
Source=CRAN
Hash=1cdd78cbe8c4543d1293a47467ee26d7

[R/Package/e1071]
Package=e1071
Version=1.7-1
Source=CRAN
Hash=1993f622b00e01f3458e2e16d7395a09

[R/Package/ellipsis]
Package=ellipsis
Version=0.1.0
Source=CRAN
Hash=d433bae00f14af3002b137add5c530b5

[R/Package/epitools]
Package=epitools
Version=0.5-10
Source=CRAN
Hash=04b1166446dd1698d627e69154a281c9

[R/Package/evaluate]
Package=evaluate
Version=0.13
Source=CRAN
Hash=44323f5f9dcb360605ca8b2ed8f94bb6

[R/Package/fansi]
Package=fansi
Version=0.4.0
Source=CRAN
Hash=a7730510208607abde04cfe3808e78e0

[R/Package/forcats]
Package=forcats
Version=0.4.0
Source=CRAN
Hash=bca530c76aabd907fa2a83d21a02db81

[R/Package/foreign]
Package=foreign
Version=0.8-71
Source=CRAN
Hash=6b3b645baf118e30d75bc6d6dcf0b423

[R/Package/fs]
Package=fs
Version=1.3.1
Source=CRAN
Hash=8373de9bc63e2090ae6f1a0dcbc85cd0

[R/Package/gdata]
Package=gdata
Version=2.18.0
Source=CRAN
Hash=99a2d3920f6dac2c4417cb192aae46b2

[R/Package/gdtools]
Package=gdtools
Version=0.1.8
Source=CRAN
Hash=31d7e0938dc7d4bc8fcba51e80132bbc

[R/Package/generics]
Package=generics
Version=0.0.2
Source=CRAN
Hash=c8e7c83af79d6b104067cfbc27fd5191

[R/Package/ggplot2]
Package=ggplot2
Version=3.1.1
Source=CRAN
Hash=df87acafb40bbd463cfa4a236d916095

[R/Package/gh]
Package=gh
Version=1.0.1
Source=CRAN
Hash=31f3051488a4a3fca6098f2369f526b9

[R/Package/git2r]
Package=git2r
Version=0.25.2
Source=CRAN
Hash=c51d0a5757d1747919996004b36f4e1e

[R/Package/glue]
Package=glue
Version=1.3.1
Source=CRAN
Hash=50f8d48c8ebbfc4b68e55bd8bb5516ca

[R/Package/gplots]
Package=gplots
Version=3.0.1.1
Source=CRAN
Hash=4496dc9b02948ff2f34f3981df03176d

[R/Package/gridExtra]
Package=gridExtra
Version=2.3
Source=CRAN
Hash=c3eb9f7194fdc98e2c1fd1f12639e37b

[R/Package/gtable]
Package=gtable
Version=0.3.0
Source=CRAN
Hash=1139982677066ce2ec7c8d6d12f89e3d

[R/Package/gtools]
Package=gtools
Version=3.8.1
Source=CRAN
Hash=9e8c14c9ad28587d0a0941842edf0cac

[R/Package/haven]
Package=haven
Version=2.1.0
Source=CRAN
Hash=293d63ab2e4f6ab2fbd30bfc267abb6d

[R/Package/hexbin]
Package=hexbin
Version=1.27.2
Source=CRAN
Hash=c650126941e1a0bfe67310f0d312b240

[R/Package/highr]
Package=highr
Version=0.8
Source=CRAN
Hash=e55de296dfdda8215e0c3fa0f4c6b84f

[R/Package/hms]
Package=hms
Version=0.4.2
Source=CRAN
Hash=cdb9724bd6f49ad19a40b04d2bf8118e

[R/Package/htmltools]
Package=htmltools
Version=0.3.6
Source=CRAN
Hash=acbf3a50732562af0ff1fbf1050da7ee

[R/Package/htmlwidgets]
Package=htmlwidgets
Version=1.3
Source=CRAN
Hash=b192d556875bab99bc3286e88c44e017

[R/Package/httpuv]
Package=httpuv
Version=1.5.1
Source=CRAN
Hash=6a37a3704685cc172c9b1737b45ec5a0

[R/Package/httr]
Package=httr
Version=1.4.0
Source=CRAN
Hash=ac878be52f9a4a40236b4a6102c473e6

[R/Package/ini]
Package=ini
Version=0.3.1
Source=CRAN
Hash=f042164d195b26c2f09cba4b30b35389

[R/Package/jsonlite]
Package=jsonlite
Version=1.6
Source=CRAN
Hash=1527c6ad6c00ff3f0d0a02b01650fd87

[R/Package/knitr]
Package=knitr
Version=1.22
Source=CRAN
Hash=85240a184745fef0213f0800594e4d32

[R/Package/labeling]
Package=labeling
Version=0.3
Source=CRAN
Hash=ffa597ca526ba3020eb878a4bc1cb8ab

[R/Package/later]
Package=later
Version=0.8.0
Source=CRAN
Hash=02c8a11f26574c59f675a8329104af59

[R/Package/lattice]
Package=lattice
Version=0.20-38
Source=CRAN
Hash=0251b49e8f0cc1f8fb68e587c519bae8

[R/Package/lazyeval]
Package=lazyeval
Version=0.2.2
Source=CRAN
Hash=c11c47f14490dbed7013c37a1a217cc1

[R/Package/leaflet]
Package=leaflet
Version=2.0.2
Source=CRAN
Hash=297c826b19b8ce52b4fbc637df4cfaf8

[R/Package/lme4]
Package=lme4
Version=1.1-21
Source=CRAN
Hash=b9ff4658bcaccb4a4c7edb9264fbf107

[R/Package/lmtest]
Package=lmtest
Version=0.9-37
Source=CRAN
Hash=75fb4f9ef0d7cc44df84055c2974aba9

[R/Package/lubridate]
Package=lubridate
Version=1.7.4
Source=CRAN
Hash=ecc440cf76cdf90c0c34de6e0a0267fb

[R/Package/magrittr]
Package=magrittr
Version=1.5
Source=CRAN
Hash=c079d05aaae9556f4dbeea615a764871

[R/Package/maptools]
Package=maptools
Version=0.9-5
Source=CRAN
Hash=ce3c12362fd080f449dc9acddd364083

[R/Package/mapview]
Package=mapview
Version=2.6.3
Source=CRAN
Hash=8bfe48d382c6695909c9b72866287ce3

[R/Package/markdown]
Package=markdown
Version=0.9
Source=CRAN
Hash=1ee034245d9f360cb0dfa86ff46a24d9

[R/Package/memoise]
Package=memoise
Version=1.1.0
Source=CRAN
Hash=833e2af3770d73b99866aca40b4c4a09

[R/Package/mgcv]
Package=mgcv
Version=1.8-28
Source=CRAN
Hash=546b79187d2ce2b5255451684b97dcc4

[R/Package/mime]
Package=mime
Version=0.6
Source=CRAN
Hash=00690a1726fcfc215a3e5908bf56802b

[R/Package/minqa]
Package=minqa
Version=1.2.4
Source=CRAN
Hash=b0395d2a1a6786159086284cea759a8d

[R/Package/modelr]
Package=modelr
Version=0.1.4
Source=CRAN
Hash=4c44dc2a7c22d337b2fe27867388dec5

[R/Package/munsell]
Package=munsell
Version=0.5.0
Source=CRAN
Hash=d2e295adcf750acbd8a6afd5e15a9c1b

[R/Package/nlme]
Package=nlme
Version=3.1-139
Source=CRAN
Hash=292e73c24dbff651b1f2053d656d7001

[R/Package/nloptr]
Package=nloptr
Version=1.2.1
Source=CRAN
Hash=8941e2295d3316e19095f2cfe9c04421

[R/Package/nnet]
Package=nnet
Version=7.3-12
Source=CRAN
Hash=b5c5b7ecc881b4b4c3ac67ac359426bf

[R/Package/openssl]
Package=openssl
Version=1.3
Source=CRAN
Hash=ec292591fce8474b20d4cdc68ffe184b

[R/Package/openxlsx]
Package=openxlsx
Version=4.1.0
Source=CRAN
Hash=fb1207975ec3ae28db5e6996ca345fff

[R/Package/pbkrtest]
Package=pbkrtest
Version=0.4-7
Source=CRAN
Hash=ea23c5df6ee6cfad5b9447bef29cf51f

[R/Package/pillar]
Package=pillar
Version=1.3.1
Source=CRAN
Hash=25b062780db2d69bc4d697a89bc5ee59

[R/Package/pkgbuild]
Package=pkgbuild
Version=1.0.3
Source=CRAN
Hash=de1dac7e9b46ba778e34375f13c2bee1

[R/Package/pkgconfig]
Package=pkgconfig
Version=2.0.2
Source=CRAN
Hash=210f98df43a980ceead88427b5a3f629

[R/Package/pkgload]
Package=pkgload
Version=1.0.2
Source=CRAN
Hash=36ce9355bb0b10e1dc13319e4c9ccbb2

[R/Package/plogr]
Package=plogr
Version=0.2.0
Source=CRAN
Hash=c61d37182e7f06c0d587aa203487b400

[R/Package/plotly]
Package=plotly
Version=4.9.0
Source=CRAN
Hash=fcea486f20d4af89f78eb4e2e504206e

[R/Package/plotrix]
Package=plotrix
Version=3.7-5
Source=CRAN
Hash=1cc15af2b1fd36ecf767aca0d6ecbc55

[R/Package/plyr]
Package=plyr
Version=1.8.4
Source=CRAN
Hash=10741ef740846fb36358ef97a1e165b6

[R/Package/png]
Package=png
Version=0.1-7
Source=CRAN
Hash=1d47c5fdee296aa821438c0cadedaab6

[R/Package/praise]
Package=praise
Version=1.0.0
Source=CRAN
Hash=ae951d265e39edae12a065f1df18de91

[R/Package/prettyunits]
Package=prettyunits
Version=1.0.2
Source=CRAN
Hash=0acfa2bf224e49369bde27b7523aa660

[R/Package/processx]
Package=processx
Version=3.3.1
Source=CRAN
Hash=d38d08c5fb492874ca45deb7e8875914

[R/Package/progress]
Package=progress
Version=1.2.0
Source=CRAN
Hash=3a0af4ac1bef0d8e3eae2df7dc701f65

[R/Package/promises]
Package=promises
Version=1.0.1
Source=CRAN
Hash=fe0029f2ba52818c41d1990a814f34fa

[R/Package/ps]
Package=ps
Version=1.3.0
Source=CRAN
Hash=4e3748dcc2c7dc9aba1ef909f5115162

[R/Package/purrr]
Package=purrr
Version=0.3.2
Source=CRAN
Hash=ac87472161cfd12559f2c9fcd66813d0

[R/Package/quantreg]
Package=quantreg
Version=5.38
Source=CRAN
Hash=9d814caec31f1a6f29265b080b713568

[R/Package/raster]
Package=raster
Version=2.8-19
Source=CRAN
Hash=77b361d3d41e27ce6c6def9c8fc3edb2

[R/Package/rcmdcheck]
Package=rcmdcheck
Version=1.3.3
Source=CRAN
Hash=4a1875331885027f1928d7a0e639cb17

[R/Package/readr]
Package=readr
Version=1.3.1
Source=CRAN
Hash=4226ca436745de59b208aca06fbd8b2a

[R/Package/readxl]
Package=readxl
Version=1.3.1
Source=CRAN
Hash=d191cfd37ac5d1b04eec8ef5ebbcc66c

[R/Package/rematch]
Package=rematch
Version=1.0.1
Source=CRAN
Hash=68b96cf0beeb56d18fec3b831f7b754f

[R/Package/remotes]
Package=remotes
Version=2.0.4
Source=CRAN
Hash=1a91851f144aedd9884cb27d183d447c

[R/Package/reprex]
Package=reprex
Version=0.2.1
Source=CRAN
Hash=d12c9f8ca8ea1d71936b262fa4271635

[R/Package/reshape2]
Package=reshape2
Version=1.4.3
Source=CRAN
Hash=036286e358984519ef02581be2bd92b8

[R/Package/rio]
Package=rio
Version=0.5.16
Source=CRAN
Hash=a057bc67eaa4d74881cc6276ca217a30

[R/Package/rlang]
Package=rlang
Version=0.3.4
Source=CRAN
Hash=cbb4e132f8198b1f9b20a0bfc5fa07ab

[R/Package/rmarkdown]
Package=rmarkdown
Version=1.12
Source=CRAN
Hash=a47ecaf4b4775834d1caa770c07d076b

[R/Package/rprojroot]
Package=rprojroot
Version=1.3-2
Source=CRAN
Hash=c7ae364c2def3efe51c32516d6077097

[R/Package/rstudioapi]
Package=rstudioapi
Version=0.10
Source=CRAN
Hash=0a9a57ac8bc27cafe9a3904deb2e267b

[R/Package/rvest]
Package=rvest
Version=0.3.3
Source=CRAN
Hash=ad217fce76185116df2b99e7ef36def8

[R/Package/satellite]
Package=satellite
Version=1.0.1
Source=CRAN
Hash=6ad74a11929e8ad1e7d776cfc065e5b0

[R/Package/scales]
Package=scales
Version=1.0.0
Source=CRAN
Hash=4d8cef1c0d1d19b34469542ee0396904

[R/Package/sciplot]
Package=sciplot
Version=1.1-1
Source=CRAN
Hash=533435251df737af541a2fa61e13c935

[R/Package/selectr]
Package=selectr
Version=0.4-1
Source=CRAN
Hash=1fb5dfb3e338005d14339d1f89fbc15c

[R/Package/sessioninfo]
Package=sessioninfo
Version=1.1.1
Source=CRAN
Hash=ad55b0223db8d67c78b151b9e1045eef

[R/Package/sf]
Package=sf
Version=0.7-4
Source=CRAN
Hash=80b5ba57ca997144d116329feab03f59

[R/Package/shiny]
Package=shiny
Version=1.3.2
Source=CRAN
Hash=bcded080fc158802d604633be7e9d071

[R/Package/shinyjs]
Package=shinyjs
Version=1.0
Source=CRAN
Hash=3d421e9cec84df172a19e2d1d6a91bee

[R/Package/sourcetools]
Package=sourcetools
Version=0.1.7
Source=CRAN
Hash=4f191ca8ae69d8db79e2d116458a9b39

[R/Package/sp]
Package=sp
Version=1.3-1
Source=CRAN
Hash=906135c810c46dd0c6488d2a6b5bc8c6

[R/Package/stringi]
Package=stringi
Version=1.4.3
Source=CRAN
Hash=196830ccb8e4ff492b37062d19c3c9b1

[R/Package/stringr]
Package=stringr
Version=1.4.0
Source=CRAN
Hash=568b942ad8065463d9beb45c212e4089

[R/Package/svglite]
Package=svglite
Version=1.2.1
Source=CRAN
Hash=666bdda2963d94cadfda0c30030518de

[R/Package/sys]
Package=sys
Version=3.2
Source=CRAN
Hash=b91e3f017e9ce0eeb4148096fadbf46e

[R/Package/testthat]
Package=testthat
Version=2.1.1
Source=CRAN
Hash=c68e09c9e585afef9a223710a2b08840

[R/Package/tibble]
Package=tibble
Version=2.1.1
Source=CRAN
Hash=134d28edbd4dd873a4c6fb6502418c54

[R/Package/tidyr]
Package=tidyr
Version=0.8.3
Source=CRAN
Hash=fe1b84e373695dd4d335e5a5ede382a7

[R/Package/tidyselect]
Package=tidyselect
Version=0.2.5
Source=CRAN
Hash=cb4e7e81a360b877572804e9a6311375

[R/Package/tidyverse]
Package=tidyverse
Version=1.2.1
Source=CRAN
Hash=56192e1153cfe220a3213a1c2bd8a531

[R/Package/tinytex]
Package=tinytex
Version=0.12
Source=CRAN
Hash=6a75f9588ef36825036f2a4c58f6bb39

[R/Package/units]
Package=units
Version=0.6-3
Source=CRAN
Hash=ccc1fc4fc300aa71a9dc1aa3cdff0ef9

[R/Package/usethis]
Package=usethis
Version=1.5.0
Source=CRAN
Hash=32dba5832e30e7931fb4940d5dc8657a

[R/Package/utf8]
Package=utf8
Version=1.1.4
Source=CRAN
Hash=dbacd54ef408a11a83b9c0558d897970

[R/Package/uuid]
Package=uuid
Version=0.1-2
Source=CRAN
Hash=883e1e4f491909bad904726d3cf55936

[R/Package/viridis]
Package=viridis
Version=0.5.1
Source=CRAN
Hash=77d2d12c0b7505702865f09a7e5b7930

[R/Package/viridisLite]
Package=viridisLite
Version=0.3.0
Source=CRAN
Hash=73d2a08e725a82859b9a0633f017dd89

[R/Package/webshot]
Package=webshot
Version=0.5.1
Source=CRAN
Hash=b4216b37f5405f81076927b1fa15b83a

[R/Package/whisker]
Package=whisker
Version=0.3-2
Source=CRAN
Hash=4dbd79a7e9b8e2593c1402d68c9ee682

[R/Package/withr]
Package=withr
Version=2.1.2
Source=CRAN
Hash=95b4999c4a7610bbccfd3b5d37fbaf6b

[R/Package/xfun]
Package=xfun
Version=0.6
Source=CRAN
Hash=9940ff8ecc403f55b85369581468f610

[R/Package/xml2]
Package=xml2
Version=1.2.0
Source=CRAN
Hash=2cef311d8568a50184e12814c95c22bf

[R/Package/xopen]
Package=xopen
Version=1.0.0
Source=CRAN
Hash=b23f3e15f7f9c459e727f79f2189d60b

[R/Package/xtable]
Package=xtable
Version=1.8-4
Source=CRAN
Hash=742aa6defce9a604d675b90812e1e588

[R/Package/yaml]
Package=yaml
Version=2.2.0
Source=CRAN
Hash=1cf8dfe48ca1f014d5bdad603950c414

[R/Package/zip]
Package=zip
Version=2.0.1
Source=CRAN
Hash=7944945a4b8e7ebcfeb1f2b7bebff028

[R/Package/zoo]
Package=zoo
Version=1.8-5
Source=CRAN
Hash=70e51b5b238829af4f277ba4972f1b4f

